
Microsoft Visual Studio Solution File, Format Version 12.00
# Visual Studio Version 17
VisualStudioVersion = 17.11.35219.272
MinimumVisualStudioVersion = 10.0.40219.1
Project("{FAE04EC0-301F-11D3-BF4B-00C04F79EFBC}") = "Punto1", "Punto1\Punto1.csproj", "{6960F2F6-716C-4BE4-819B-9C3427CB9B9A}"
EndProject
Global
	GlobalSection(SolutionConfigurationPlatforms) = preSolution
		Debug|Any CPU = Debug|Any CPU
		Release|Any CPU = Release|Any CPU
	EndGlobalSection
	GlobalSection(ProjectConfigurationPlatforms) = postSolution
		{6960F2F6-716C-4BE4-819B-9C3427CB9B9A}.Debug|Any CPU.ActiveCfg = Debug|Any CPU
		{6960F2F6-716C-4BE4-819B-9C3427CB9B9A}.Debug|Any CPU.Build.0 = Debug|Any CPU
		{6960F2F6-716C-4BE4-819B-9C3427CB9B9A}.Release|Any CPU.ActiveCfg = Release|Any CPU
		{6960F2F6-716C-4BE4-819B-9C3427CB9B9A}.Release|Any CPU.Build.0 = Release|Any CPU
	EndGlobalSection
	GlobalSection(SolutionProperties) = preSolution
		HideSolutionNode = FALSE
	EndGlobalSection
	GlobalSection(ExtensibilityGlobals) = postSolution
		SolutionGuid = {BD678812-0AE3-49B0-B995-C886DE1B0F6F}
	EndGlobalSection
EndGlobal
